
Microsoft Visual Studio Solution File, Format Version 12.00
# Visual Studio Version 17
VisualStudioVersion = 17.5.33502.453
MinimumVisualStudioVersion = 10.0.40219.1
Project("{FAE04EC0-301F-11D3-BF4B-00C04F79EFBC}") = "Apteka_Plus", "Apteka_Plus\Apteka_Plus.csproj", "{2651E977-9691-48B0-88A5-29A3686BF619}"
EndProject
Global
	GlobalSection(SolutionConfigurationPlatforms) = preSolution
		Debug|Any CPU = Debug|Any CPU
		Release|Any CPU = Release|Any CPU
	EndGlobalSection
	GlobalSection(ProjectConfigurationPlatforms) = postSolution
		{2651E977-9691-48B0-88A5-29A3686BF619}.Debug|Any CPU.ActiveCfg = Debug|Any CPU
		{2651E977-9691-48B0-88A5-29A3686BF619}.Debug|Any CPU.Build.0 = Debug|Any CPU
		{2651E977-9691-48B0-88A5-29A3686BF619}.Release|Any CPU.ActiveCfg = Release|Any CPU
		{2651E977-9691-48B0-88A5-29A3686BF619}.Release|Any CPU.Build.0 = Release|Any CPU
	EndGlobalSection
	GlobalSection(SolutionProperties) = preSolution
		HideSolutionNode = FALSE
	EndGlobalSection
	GlobalSection(ExtensibilityGlobals) = postSolution
		SolutionGuid = {31EFAEE5-7257-4DF9-A6A8-F054A36CD308}
	EndGlobalSection
EndGlobal
